{
  "name": "media-renamer-server",
  "version": "1.0.0",
  "lockfileVersion": 3,
  "requires": true,
  "packages": {
    "": {
      "name": "media-renamer-server",
      "version": "1.0.0",
      "dependencies": {
        "bcryptjs": "^2.4.3",
        "better-sqlite3": "^11.3.0",
        "cors": "^2.8.5",
        "express": "^4.19.2",
        "jsonwebtoken": "^9.0.2",
        "undici": "^8.10.0"
      }
    },
    "node_modules/undici": {
      "version": "8.10.0",
      "resolved": "https://registry.npmjs.org/undici/-/undici-8.10.0.tgz",
      "integrity": "sha512-vJ4aXDuIsd9F8NQv3bKS0cRL2eGVQtHQx3wHEqK+O2lg0dMDp3JpMMt8n4gINm9qbbFVgRQjFwfFkwWbX9tLJQ==",
      "license": "MIT",
      "engines": {
        "node": ">=18.17"
      }
    }
  }
}
